
Microsoft Visual Studio Solution File, Format Version 12.00
# Visual Studio 15
VisualStudioVersion = 15.0.26430.15
MinimumVisualStudioVersion = 10.0.40219.1
Project("{9A19103F-16F7-4668-BE54-9A1E7A4F7556}") = "GaiaProject", "GaiaProject\GaiaProject.csproj", "{FFF4AD06-E3FA-43F0-9422-15EFCA0BBC78}"
EndProject
Project("{9A19103F-16F7-4668-BE54-9A1E7A4F7556}") = "GaiaCore", "GaiaCore\GaiaCore.csproj", "{B7151C40-F0BF-427B-B54C-C107C531C442}"
EndProject
Project("{9A19103F-16F7-4668-BE54-9A1E7A4F7556}") = "ManageTool", "ManageTool\ManageTool.csproj", "{5217B944-44CF-410D-BC8C-9EDB29C6DDD1}"
EndProject
Project("{FAE04EC0-301F-11D3-BF4B-00C04F79EFBC}") = "GaiaProjectUnitTesting", "GaiaProjectUnitTesting\GaiaProjectUnitTesting.csproj", "{858CE0AC-80F1-4882-8F44-CFE2C2C91F0B}"
EndProject
Global
	GlobalSection(SolutionConfigurationPlatforms) = preSolution
		Debug|Any CPU = Debug|Any CPU
		Release|Any CPU = Release|Any CPU
	EndGlobalSection
	GlobalSection(ProjectConfigurationPlatforms) = postSolution
		{FFF4AD06-E3FA-43F0-9422-15EFCA0BBC78}.Debug|Any CPU.ActiveCfg = Debug|Any CPU
		{FFF4AD06-E3FA-43F0-9422-15EFCA0BBC78}.Debug|Any CPU.Build.0 = Debug|Any CPU
		{FFF4AD06-E3FA-43F0-9422-15EFCA0BBC78}.Release|Any CPU.ActiveCfg = Release|Any CPU
		{FFF4AD06-E3FA-43F0-9422-15EFCA0BBC78}.Release|Any CPU.Build.0 = Release|Any CPU
		{B7151C40-F0BF-427B-B54C-C107C531C442}.Debug|Any CPU.ActiveCfg = Debug|Any CPU
		{B7151C40-F0BF-427B-B54C-C107C531C442}.Debug|Any CPU.Build.0 = Debug|Any CPU
		{B7151C40-F0BF-427B-B54C-C107C531C442}.Release|Any CPU.ActiveCfg = Release|Any CPU
		{B7151C40-F0BF-427B-B54C-C107C531C442}.Release|Any CPU.Build.0 = Release|Any CPU
		{5217B944-44CF-410D-BC8C-9EDB29C6DDD1}.Debug|Any CPU.ActiveCfg = Debug|Any CPU
		{5217B944-44CF-410D-BC8C-9EDB29C6DDD1}.Debug|Any CPU.Build.0 = Debug|Any CPU
		{5217B944-44CF-410D-BC8C-9EDB29C6DDD1}.Release|Any CPU.ActiveCfg = Release|Any CPU
		{5217B944-44CF-410D-BC8C-9EDB29C6DDD1}.Release|Any CPU.Build.0 = Release|Any CPU
		{858CE0AC-80F1-4882-8F44-CFE2C2C91F0B}.Debug|Any CPU.ActiveCfg = Debug|Any CPU
		{858CE0AC-80F1-4882-8F44-CFE2C2C91F0B}.Debug|Any CPU.Build.0 = Debug|Any CPU
		{858CE0AC-80F1-4882-8F44-CFE2C2C91F0B}.Release|Any CPU.ActiveCfg = Release|Any CPU
		{858CE0AC-80F1-4882-8F44-CFE2C2C91F0B}.Release|Any CPU.Build.0 = Release|Any CPU
	EndGlobalSection
	GlobalSection(SolutionProperties) = preSolution
		HideSolutionNode = FALSE
	EndGlobalSection
EndGlobal
