
Microsoft Visual Studio Solution File, Format Version 12.00
# Visual Studio 15
VisualStudioVersion = 15.0.27130.2003
MinimumVisualStudioVersion = 10.0.40219.1
Project("{9A19103F-16F7-4668-BE54-9A1E7A4F7556}") = "GaiaProject", "GaiaProject\GaiaProject.csproj", "{FFF4AD06-E3FA-43F0-9422-15EFCA0BBC78}"
EndProject
Project("{9A19103F-16F7-4668-BE54-9A1E7A4F7556}") = "GaiaCore", "GaiaCore\GaiaCore.csproj", "{B7151C40-F0BF-427B-B54C-C107C531C442}"
EndProject
Project("{9A19103F-16F7-4668-BE54-9A1E7A4F7556}") = "ManageTool", "ManageTool\ManageTool.csproj", "{5217B944-44CF-410D-BC8C-9EDB29C6DDD1}"
EndProject
Project("{9A19103F-16F7-4668-BE54-9A1E7A4F7556}") = "GaiaProjectUnitTesting", "GaiaProjectUnitTesting\GaiaProjectUnitTesting.csproj", "{858CE0AC-80F1-4882-8F44-CFE2C2C91F0B}"
EndProject
Project("{9A19103F-16F7-4668-BE54-9A1E7A4F7556}") = "GaiaDbContext", "GaiaDbContext\GaiaDbContext.csproj", "{E60F336C-69BD-4D14-BB65-CB501FE3E0B6}"
EndProject
Project("{9A19103F-16F7-4668-BE54-9A1E7A4F7556}") = "Gaia.Service", "Gaia.Service\Gaia.Service.csproj", "{8E8FE5DB-D823-4B16-95B6-0965B8DDC463}"
EndProject
Project("{9A19103F-16F7-4668-BE54-9A1E7A4F7556}") = "Gaia.Model", "Gaia.Model\Gaia.Model.csproj", "{6533384D-E3EB-4FFF-9738-325922859A05}"
EndProject
Global
	GlobalSection(SolutionConfigurationPlatforms) = preSolution
		Debug|Any CPU = Debug|Any CPU
		Release|Any CPU = Release|Any CPU
	EndGlobalSection
	GlobalSection(ProjectConfigurationPlatforms) = postSolution
		{FFF4AD06-E3FA-43F0-9422-15EFCA0BBC78}.Debug|Any CPU.ActiveCfg = Debug|Any CPU
		{FFF4AD06-E3FA-43F0-9422-15EFCA0BBC78}.Debug|Any CPU.Build.0 = Debug|Any CPU
		{FFF4AD06-E3FA-43F0-9422-15EFCA0BBC78}.Release|Any CPU.ActiveCfg = Debug|Any CPU
		{FFF4AD06-E3FA-43F0-9422-15EFCA0BBC78}.Release|Any CPU.Build.0 = Debug|Any CPU
		{B7151C40-F0BF-427B-B54C-C107C531C442}.Debug|Any CPU.ActiveCfg = Debug|Any CPU
		{B7151C40-F0BF-427B-B54C-C107C531C442}.Debug|Any CPU.Build.0 = Debug|Any CPU
		{B7151C40-F0BF-427B-B54C-C107C531C442}.Release|Any CPU.ActiveCfg = Debug|Any CPU
		{B7151C40-F0BF-427B-B54C-C107C531C442}.Release|Any CPU.Build.0 = Debug|Any CPU
		{5217B944-44CF-410D-BC8C-9EDB29C6DDD1}.Debug|Any CPU.ActiveCfg = Debug|Any CPU
		{5217B944-44CF-410D-BC8C-9EDB29C6DDD1}.Debug|Any CPU.Build.0 = Debug|Any CPU
		{5217B944-44CF-410D-BC8C-9EDB29C6DDD1}.Release|Any CPU.ActiveCfg = Debug|Any CPU
		{5217B944-44CF-410D-BC8C-9EDB29C6DDD1}.Release|Any CPU.Build.0 = Debug|Any CPU
		{858CE0AC-80F1-4882-8F44-CFE2C2C91F0B}.Debug|Any CPU.ActiveCfg = Debug|Any CPU
		{858CE0AC-80F1-4882-8F44-CFE2C2C91F0B}.Debug|Any CPU.Build.0 = Debug|Any CPU
		{858CE0AC-80F1-4882-8F44-CFE2C2C91F0B}.Release|Any CPU.ActiveCfg = Debug|Any CPU
		{858CE0AC-80F1-4882-8F44-CFE2C2C91F0B}.Release|Any CPU.Build.0 = Debug|Any CPU
		{E60F336C-69BD-4D14-BB65-CB501FE3E0B6}.Debug|Any CPU.ActiveCfg = Debug|Any CPU
		{E60F336C-69BD-4D14-BB65-CB501FE3E0B6}.Debug|Any CPU.Build.0 = Debug|Any CPU
		{E60F336C-69BD-4D14-BB65-CB501FE3E0B6}.Release|Any CPU.ActiveCfg = Debug|Any CPU
		{E60F336C-69BD-4D14-BB65-CB501FE3E0B6}.Release|Any CPU.Build.0 = Debug|Any CPU
		{8E8FE5DB-D823-4B16-95B6-0965B8DDC463}.Debug|Any CPU.ActiveCfg = Debug|Any CPU
		{8E8FE5DB-D823-4B16-95B6-0965B8DDC463}.Debug|Any CPU.Build.0 = Debug|Any CPU
		{8E8FE5DB-D823-4B16-95B6-0965B8DDC463}.Release|Any CPU.ActiveCfg = Debug|Any CPU
		{8E8FE5DB-D823-4B16-95B6-0965B8DDC463}.Release|Any CPU.Build.0 = Debug|Any CPU
		{6533384D-E3EB-4FFF-9738-325922859A05}.Debug|Any CPU.ActiveCfg = Debug|Any CPU
		{6533384D-E3EB-4FFF-9738-325922859A05}.Debug|Any CPU.Build.0 = Debug|Any CPU
		{6533384D-E3EB-4FFF-9738-325922859A05}.Release|Any CPU.ActiveCfg = Release|Any CPU
		{6533384D-E3EB-4FFF-9738-325922859A05}.Release|Any CPU.Build.0 = Release|Any CPU
	EndGlobalSection
	GlobalSection(SolutionProperties) = preSolution
		HideSolutionNode = FALSE
	EndGlobalSection
	GlobalSection(ExtensibilityGlobals) = postSolution
		SolutionGuid = {EB164423-65F3-45BF-9C33-912DD07FCB7D}
	EndGlobalSection
EndGlobal
